
Microsoft Visual Studio Solution File, Format Version 12.00
# Visual Studio Version 17
VisualStudioVersion = 17.13.35931.197
MinimumVisualStudioVersion = 10.0.40219.1
Project("{FAE04EC0-301F-11D3-BF4B-00C04F79EFBC}") = "PkmWebApi", "PkmWebApi\PkmWebApi\PkmWebApi.csproj", "{6FE92921-5889-4C56-BEE5-9B1F6232CC2D}"
EndProject
Project("{54A90642-561A-4BB1-A94E-469ADEE60C69}") = "PkmWeb", "PkmWeb\PkmWeb\PkmWeb.esproj", "{0D3A70A4-C191-9BB4-E510-BE8FFEDC7038}"
EndProject
Global
	GlobalSection(SolutionConfigurationPlatforms) = preSolution
		Debug|Any CPU = Debug|Any CPU
		Release|Any CPU = Release|Any CPU
	EndGlobalSection
	GlobalSection(ProjectConfigurationPlatforms) = postSolution
		{6FE92921-5889-4C56-BEE5-9B1F6232CC2D}.Debug|Any CPU.ActiveCfg = Debug|Any CPU
		{6FE92921-5889-4C56-BEE5-9B1F6232CC2D}.Debug|Any CPU.Build.0 = Debug|Any CPU
		{6FE92921-5889-4C56-BEE5-9B1F6232CC2D}.Release|Any CPU.ActiveCfg = Release|Any CPU
		{6FE92921-5889-4C56-BEE5-9B1F6232CC2D}.Release|Any CPU.Build.0 = Release|Any CPU
		{0D3A70A4-C191-9BB4-E510-BE8FFEDC7038}.Debug|Any CPU.ActiveCfg = Debug|Any CPU
		{0D3A70A4-C191-9BB4-E510-BE8FFEDC7038}.Debug|Any CPU.Build.0 = Debug|Any CPU
		{0D3A70A4-C191-9BB4-E510-BE8FFEDC7038}.Debug|Any CPU.Deploy.0 = Debug|Any CPU
		{0D3A70A4-C191-9BB4-E510-BE8FFEDC7038}.Release|Any CPU.ActiveCfg = Release|Any CPU
		{0D3A70A4-C191-9BB4-E510-BE8FFEDC7038}.Release|Any CPU.Build.0 = Release|Any CPU
		{0D3A70A4-C191-9BB4-E510-BE8FFEDC7038}.Release|Any CPU.Deploy.0 = Release|Any CPU
	EndGlobalSection
	GlobalSection(SolutionProperties) = preSolution
		HideSolutionNode = FALSE
	EndGlobalSection
	GlobalSection(ExtensibilityGlobals) = postSolution
		SolutionGuid = {69A81035-B3AC-4C29-A8F2-006159367D2A}
	EndGlobalSection
EndGlobal
