
Microsoft Visual Studio Solution File, Format Version 12.00
# Visual Studio Version 17
VisualStudioVersion = 17.13.35919.96
MinimumVisualStudioVersion = 10.0.40219.1
Project("{2150E333-8FDC-42A3-9474-1A3956D46DE8}") = "Tests", "Tests", "{02EA681E-C7D8-13C7-8484-4AC65E1B71E8}"
EndProject
Project("{FAE04EC0-301F-11D3-BF4B-00C04F79EFBC}") = "PkmDataRetrieval", "PkmDataRetrieval\PkmDataRetrieval\PkmDataRetrieval.csproj", "{6E0D7588-7AEB-F1E4-D4DB-5C513C5D3B39}"
EndProject
Project("{54A90642-561A-4BB1-A94E-469ADEE60C69}") = "PkmWeb", "PkmWeb\PkmWeb\PkmWeb.esproj", "{0D3A70A4-C191-9BB4-E510-BE8FFEDC7038}"
EndProject
Global
	GlobalSection(SolutionConfigurationPlatforms) = preSolution
		Debug|Any CPU = Debug|Any CPU
		Release|Any CPU = Release|Any CPU
	EndGlobalSection
	GlobalSection(ProjectConfigurationPlatforms) = postSolution
		{6E0D7588-7AEB-F1E4-D4DB-5C513C5D3B39}.Debug|Any CPU.ActiveCfg = Debug|Any CPU
		{6E0D7588-7AEB-F1E4-D4DB-5C513C5D3B39}.Debug|Any CPU.Build.0 = Debug|Any CPU
		{6E0D7588-7AEB-F1E4-D4DB-5C513C5D3B39}.Release|Any CPU.ActiveCfg = Release|Any CPU
		{6E0D7588-7AEB-F1E4-D4DB-5C513C5D3B39}.Release|Any CPU.Build.0 = Release|Any CPU
		{0D3A70A4-C191-9BB4-E510-BE8FFEDC7038}.Debug|Any CPU.ActiveCfg = Debug|Any CPU
		{0D3A70A4-C191-9BB4-E510-BE8FFEDC7038}.Debug|Any CPU.Build.0 = Debug|Any CPU
		{0D3A70A4-C191-9BB4-E510-BE8FFEDC7038}.Debug|Any CPU.Deploy.0 = Debug|Any CPU
		{0D3A70A4-C191-9BB4-E510-BE8FFEDC7038}.Release|Any CPU.ActiveCfg = Release|Any CPU
		{0D3A70A4-C191-9BB4-E510-BE8FFEDC7038}.Release|Any CPU.Build.0 = Release|Any CPU
		{0D3A70A4-C191-9BB4-E510-BE8FFEDC7038}.Release|Any CPU.Deploy.0 = Release|Any CPU
	EndGlobalSection
	GlobalSection(SolutionProperties) = preSolution
		HideSolutionNode = FALSE
	EndGlobalSection
	GlobalSection(ExtensibilityGlobals) = postSolution
		SolutionGuid = {1A11450C-0833-4E57-AF37-62FFCBEFFC67}
	EndGlobalSection
EndGlobal
