
Microsoft Visual Studio Solution File, Format Version 12.00
# Visual Studio Version 17
VisualStudioVersion = 17.13.35919.96 d17.13
MinimumVisualStudioVersion = 10.0.40219.1
Project("{FAE04EC0-301F-11D3-BF4B-00C04F79EFBC}") = "PkmGuessGame", "PkmGuessGame\PkmGuessGame.csproj", "{3271CC74-2685-4201-864B-138C7F891E46}"
EndProject
Global
	GlobalSection(SolutionConfigurationPlatforms) = preSolution
		Debug|Any CPU = Debug|Any CPU
		Release|Any CPU = Release|Any CPU
	EndGlobalSection
	GlobalSection(ProjectConfigurationPlatforms) = postSolution
		{3271CC74-2685-4201-864B-138C7F891E46}.Debug|Any CPU.ActiveCfg = Debug|Any CPU
		{3271CC74-2685-4201-864B-138C7F891E46}.Debug|Any CPU.Build.0 = Debug|Any CPU
		{3271CC74-2685-4201-864B-138C7F891E46}.Release|Any CPU.ActiveCfg = Release|Any CPU
		{3271CC74-2685-4201-864B-138C7F891E46}.Release|Any CPU.Build.0 = Release|Any CPU
	EndGlobalSection
	GlobalSection(SolutionProperties) = preSolution
		HideSolutionNode = FALSE
	EndGlobalSection
	GlobalSection(ExtensibilityGlobals) = postSolution
		SolutionGuid = {9E00B034-6EC3-4BBE-B8B1-1C5A925D4E8E}
	EndGlobalSection
EndGlobal
