
Microsoft Visual Studio Solution File, Format Version 12.00
# Visual Studio Version 17
VisualStudioVersion = 17.13.35931.197
MinimumVisualStudioVersion = 10.0.40219.1
Project("{FAE04EC0-301F-11D3-BF4B-00C04F79EFBC}") = "PkmWebApi", "PkmWebApi.csproj", "{EB351578-604E-7EF7-65A0-F18F608E8F29}"
EndProject
Global
	GlobalSection(SolutionConfigurationPlatforms) = preSolution
		Debug|Any CPU = Debug|Any CPU
		Release|Any CPU = Release|Any CPU
	EndGlobalSection
	GlobalSection(ProjectConfigurationPlatforms) = postSolution
		{EB351578-604E-7EF7-65A0-F18F608E8F29}.Debug|Any CPU.ActiveCfg = Debug|Any CPU
		{EB351578-604E-7EF7-65A0-F18F608E8F29}.Debug|Any CPU.Build.0 = Debug|Any CPU
		{EB351578-604E-7EF7-65A0-F18F608E8F29}.Release|Any CPU.ActiveCfg = Release|Any CPU
		{EB351578-604E-7EF7-65A0-F18F608E8F29}.Release|Any CPU.Build.0 = Release|Any CPU
	EndGlobalSection
	GlobalSection(SolutionProperties) = preSolution
		HideSolutionNode = FALSE
	EndGlobalSection
	GlobalSection(ExtensibilityGlobals) = postSolution
		SolutionGuid = {69A81035-B3AC-4C29-A8F2-006159367D2A}
	EndGlobalSection
EndGlobal
