
Microsoft Visual Studio Solution File, Format Version 12.00
# Visual Studio Version 17
VisualStudioVersion = 17.13.35919.96
MinimumVisualStudioVersion = 10.0.40219.1
Project("{FAE04EC0-301F-11D3-BF4B-00C04F79EFBC}") = "PkmDataRetrieval", "PkmDataRetrieval.csproj", "{7406CB8B-EF4D-3663-935C-42456E2BD64C}"
EndProject
Global
	GlobalSection(SolutionConfigurationPlatforms) = preSolution
		Debug|Any CPU = Debug|Any CPU
		Release|Any CPU = Release|Any CPU
	EndGlobalSection
	GlobalSection(ProjectConfigurationPlatforms) = postSolution
		{7406CB8B-EF4D-3663-935C-42456E2BD64C}.Debug|Any CPU.ActiveCfg = Debug|Any CPU
		{7406CB8B-EF4D-3663-935C-42456E2BD64C}.Debug|Any CPU.Build.0 = Debug|Any CPU
		{7406CB8B-EF4D-3663-935C-42456E2BD64C}.Release|Any CPU.ActiveCfg = Release|Any CPU
		{7406CB8B-EF4D-3663-935C-42456E2BD64C}.Release|Any CPU.Build.0 = Release|Any CPU
	EndGlobalSection
	GlobalSection(SolutionProperties) = preSolution
		HideSolutionNode = FALSE
	EndGlobalSection
	GlobalSection(ExtensibilityGlobals) = postSolution
		SolutionGuid = {5B4F4E31-58AB-4611-B779-FFF9CEA373DA}
	EndGlobalSection
EndGlobal
